// !$*UTF8*$!
{
	archiveVersion = 1;
	classes = {
	};
	objectVersion = 55;
	objects = {

/* Begin PBXBuildFile section */
		6C120A1929154CA300CFB859 /* SignupStep1ViewController.swift in Sources */ = {isa = PBXBuildFile; fileRef = 6C120A1829154CA300CFB859 /* SignupStep1ViewController.swift */; };
		6C120A1B29154CC200CFB859 /* SignupStep2ViewController.swift in Sources */ = {isa = PBXBuildFile; fileRef = 6C120A1A29154CC200CFB859 /* SignupStep2ViewController.swift */; };
		6C120A1D2915502500CFB859 /* User.swift in Sources */ = {isa = PBXBuildFile; fileRef = 6C120A1C2915502500CFB859 /* User.swift */; };
		6C318E2D29017F98005CA902 /* AppDelegate.swift in Sources */ = {isa = PBXBuildFile; fileRef = 6C318E2C29017F98005CA902 /* AppDelegate.swift */; };
		6C318E2F29017F98005CA902 /* SceneDelegate.swift in Sources */ = {isa = PBXBuildFile; fileRef = 6C318E2E29017F98005CA902 /* SceneDelegate.swift */; };
		6C318E3129017F98005CA902 /* ViewController.swift in Sources */ = {isa = PBXBuildFile; fileRef = 6C318E3029017F98005CA902 /* ViewController.swift */; };
		6C318E3429017F98005CA902 /* Main.storyboard in Resources */ = {isa = PBXBuildFile; fileRef = 6C318E3229017F98005CA902 /* Main.storyboard */; };
		6C318E3629017F99005CA902 /* Assets.xcassets in Resources */ = {isa = PBXBuildFile; fileRef = 6C318E3529017F99005CA902 /* Assets.xcassets */; };
		6C318E3929017F99005CA902 /* LaunchScreen.storyboard in Resources */ = {isa = PBXBuildFile; fileRef = 6C318E3729017F99005CA902 /* LaunchScreen.storyboard */; };
		6C318E4429017F99005CA902 /* InterfaceTests.swift in Sources */ = {isa = PBXBuildFile; fileRef = 6C318E4329017F99005CA902 /* InterfaceTests.swift */; };
		6C318E4E29017F99005CA902 /* InterfaceUITests.swift in Sources */ = {isa = PBXBuildFile; fileRef = 6C318E4D29017F99005CA902 /* InterfaceUITests.swift */; };
		6C318E5029017F99005CA902 /* InterfaceUITestsLaunchTests.swift in Sources */ = {isa = PBXBuildFile; fileRef = 6C318E4F29017F99005CA902 /* InterfaceUITestsLaunchTests.swift */; };
/* End PBXBuildFile section */

/* Begin PBXContainerItemProxy section */
		6C318E4029017F99005CA902 /* PBXContainerItemProxy */ = {
			isa = PBXContainerItemProxy;
			containerPortal = 6C318E2129017F98005CA902 /* Project object */;
			proxyType = 1;
			remoteGlobalIDString = 6C318E2829017F98005CA902;
			remoteInfo = Interface;
		};
		6C318E4A29017F99005CA902 /* PBXContainerItemProxy */ = {
			isa = PBXContainerItemProxy;
			containerPortal = 6C318E2129017F98005CA902 /* Project object */;
			proxyType = 1;
			remoteGlobalIDString = 6C318E2829017F98005CA902;
			remoteInfo = Interface;
		};
/* End PBXContainerItemProxy section */

/* Begin PBXFileReference section */
		6C120A1829154CA300CFB859 /* SignupStep1ViewController.swift */ = {isa = PBXFileReference; lastKnownFileType = sourcecode.swift; path = SignupStep1ViewController.swift; sourceTree = "<group>"; };
		6C120A1A29154CC200CFB859 /* SignupStep2ViewController.swift */ = {isa = PBXFileReference; lastKnownFileType = sourcecode.swift; path = SignupStep2ViewController.swift; sourceTree = "<group>"; };
		6C120A1C2915502500CFB859 /* User.swift */ = {isa = PBXFileReference; lastKnownFileType = sourcecode.swift; path = User.swift; sourceTree = "<group>"; };
		6C318E2929017F98005CA902 /* Interface.app */ = {isa = PBXFileReference; explicitFileType = wrapper.application; includeInIndex = 0; path = Interface.app; sourceTree = BUILT_PRODUCTS_DIR; };
		6C318E2C29017F98005CA902 /* AppDelegate.swift */ = {isa = PBXFileReference; lastKnownFileType = sourcecode.swift; path = AppDelegate.swift; sourceTree = "<group>"; };
		6C318E2E29017F98005CA902 /* SceneDelegate.swift */ = {isa = PBXFileReference; lastKnownFileType = sourcecode.swift; path = SceneDelegate.swift; sourceTree = "<group>"; };
		6C318E3029017F98005CA902 /* ViewController.swift */ = {isa = PBXFileReference; lastKnownFileType = sourcecode.swift; path = ViewController.swift; sourceTree = "<group>"; };
		6C318E3329017F98005CA902 /* Base */ = {isa = PBXFileReference; lastKnownFileType = file.storyboard; name = Base; path = Base.lproj/Main.storyboard; sourceTree = "<group>"; };
		6C318E3529017F99005CA902 /* Assets.xcassets */ = {isa = PBXFileReference; lastKnownFileType = folder.assetcatalog; path = Assets.xcassets; sourceTree = "<group>"; };
		6C318E3829017F99005CA902 /* Base */ = {isa = PBXFileReference; lastKnownFileType = file.storyboard; name = Base; path = Base.lproj/LaunchScreen.storyboard; sourceTree = "<group>"; };
		6C318E3A29017F99005CA902 /* Info.plist */ = {isa = PBXFileReference; lastKnownFileType = text.plist.xml; path = Info.plist; sourceTree = "<group>"; };
		6C318E3F29017F99005CA902 /* InterfaceTests.xctest */ = {isa = PBXFileReference; explicitFileType = wrapper.cfbundle; includeInIndex = 0; path = InterfaceTests.xctest; sourceTree = BUILT_PRODUCTS_DIR; };
		6C318E4329017F99005CA902 /* InterfaceTests.swift */ = {isa = PBXFileReference; lastKnownFileType = sourcecode.swift; path = InterfaceTests.swift; sourceTree = "<group>"; };
		6C318E4929017F99005CA902 /* InterfaceUITests.xctest */ = {isa = PBXFileReference; explicitFileType = wrapper.cfbundle; includeInIndex = 0; path = InterfaceUITests.xctest; sourceTree = BUILT_PRODUCTS_DIR; };
		6C318E4D29017F99005CA902 /* InterfaceUITests.swift */ = {isa = PBXFileReference; lastKnownFileType = sourcecode.swift; path = InterfaceUITests.swift; sourceTree = "<group>"; };
		6C318E4F29017F99005CA902 /* InterfaceUITestsLaunchTests.swift */ = {isa = PBXFileReference; lastKnownFileType = sourcecode.swift; path = InterfaceUITestsLaunchTests.swift; sourceTree = "<group>"; };
/* End PBXFileReference section */

/* Begin PBXFrameworksBuildPhase section */
		6C318E2629017F98005CA902 /* Frameworks */ = {
			isa = PBXFrameworksBuildPhase;
			buildActionMask = 2147483647;
			files = (
			);
			runOnlyForDeploymentPostprocessing = 0;
		};
		6C318E3C29017F99005CA902 /* Frameworks */ = {
			isa = PBXFrameworksBuildPhase;
			buildActionMask = 2147483647;
			files = (
			);
			runOnlyForDeploymentPostprocessing = 0;
		};
		6C318E4629017F99005CA902 /* Frameworks */ = {
			isa = PBXFrameworksBuildPhase;
			buildActionMask = 2147483647;
			files = (
			);
			runOnlyForDeploymentPostprocessing = 0;
		};
/* End PBXFrameworksBuildPhase section */

/* Begin PBXGroup section */
		6C318E2029017F98005CA902 = {
			isa = PBXGroup;
			children = (
				6C318E2B29017F98005CA902 /* Interface */,
				6C318E4229017F99005CA902 /* InterfaceTests */,
				6C318E4C29017F99005CA902 /* InterfaceUITests */,
				6C318E2A29017F98005CA902 /* Products */,
			);
			sourceTree = "<group>";
		};
		6C318E2A29017F98005CA902 /* Products */ = {
			isa = PBXGroup;
			children = (
				6C318E2929017F98005CA902 /* Interface.app */,
				6C318E3F29017F99005CA902 /* InterfaceTests.xctest */,
				6C318E4929017F99005CA902 /* InterfaceUITests.xctest */,
			);
			name = Products;
			sourceTree = "<group>";
		};
		6C318E2B29017F98005CA902 /* Interface */ = {
			isa = PBXGroup;
			children = (
				6C318E2C29017F98005CA902 /* AppDelegate.swift */,
				6C318E2E29017F98005CA902 /* SceneDelegate.swift */,
				6C318E3029017F98005CA902 /* ViewController.swift */,
				6C318E3229017F98005CA902 /* Main.storyboard */,
				6C318E3529017F99005CA902 /* Assets.xcassets */,
				6C318E3729017F99005CA902 /* LaunchScreen.storyboard */,
				6C318E3A29017F99005CA902 /* Info.plist */,
				6C120A1829154CA300CFB859 /* SignupStep1ViewController.swift */,
				6C120A1A29154CC200CFB859 /* SignupStep2ViewController.swift */,
				6C120A1C2915502500CFB859 /* User.swift */,
			);
			path = Interface;
			sourceTree = "<group>";
		};
		6C318E4229017F99005CA902 /* InterfaceTests */ = {
			isa = PBXGroup;
			children = (
				6C318E4329017F99005CA902 /* InterfaceTests.swift */,
			);
			path = InterfaceTests;
			sourceTree = "<group>";
		};
		6C318E4C29017F99005CA902 /* InterfaceUITests */ = {
			isa = PBXGroup;
			children = (
				6C318E4D29017F99005CA902 /* InterfaceUITests.swift */,
				6C318E4F29017F99005CA902 /* InterfaceUITestsLaunchTests.swift */,
			);
			path = InterfaceUITests;
			sourceTree = "<group>";
		};
/* End PBXGroup section */

/* Begin PBXNativeTarget section */
		6C318E2829017F98005CA902 /* Interface */ = {
			isa = PBXNativeTarget;
			buildConfigurationList = 6C318E5329017F99005CA902 /* Build configuration list for PBXNativeTarget "Interface" */;
			buildPhases = (
				6C318E2529017F98005CA902 /* Sources */,
				6C318E2629017F98005CA902 /* Frameworks */,
				6C318E2729017F98005CA902 /* Resources */,
			);
			buildRules = (
			);
			dependencies = (
			);
			name = Interface;
			productName = Interface;
			productReference = 6C318E2929017F98005CA902 /* Interface.app */;
			productType = "com.apple.product-type.application";
		};
		6C318E3E29017F99005CA902 /* InterfaceTests */ = {
			isa = PBXNativeTarget;
			buildConfigurationList = 6C318E5629017F99005CA902 /* Build configuration list for PBXNativeTarget "InterfaceTests" */;
			buildPhases = (
				6C318E3B29017F99005CA902 /* Sources */,
				6C318E3C29017F99005CA902 /* Frameworks */,
				6C318E3D29017F99005CA902 /* Resources */,
			);
			buildRules = (
			);
			dependencies = (
				6C318E4129017F99005CA902 /* PBXTargetDependency */,
			);
			name = InterfaceTests;
			productName = InterfaceTests;
			productReference = 6C318E3F29017F99005CA902 /* InterfaceTests.xctest */;
			productType = "com.apple.product-type.bundle.unit-test";
		};
		6C318E4829017F99005CA902 /* InterfaceUITests */ = {
			isa = PBXNativeTarget;
			buildConfigurationList = 6C318E5929017F99005CA902 /* Build configuration list for PBXNativeTarget "InterfaceUITests" */;
			buildPhases = (
				6C318E4529017F99005CA902 /* Sources */,
				6C318E4629017F99005CA902 /* Frameworks */,
				6C318E4729017F99005CA902 /* Resources */,
			);
			buildRules = (
			);
			dependencies = (
				6C318E4B29017F99005CA902 /* PBXTargetDependency */,
			);
			name = InterfaceUITests;
			productName = InterfaceUITests;
			productReference = 6C318E4929017F99005CA902 /* InterfaceUITests.xctest */;
			productType = "com.apple.product-type.bundle.ui-testing";
		};
/* End PBXNativeTarget section */

/* Begin PBXProject section */
		6C318E2129017F98005CA902 /* Project object */ = {
			isa = PBXProject;
			attributes = {
				BuildIndependentTargetsInParallel = 1;
				LastSwiftUpdateCheck = 1340;
				LastUpgradeCheck = 1340;
				TargetAttributes = {
					6C318E2829017F98005CA902 = {
						CreatedOnToolsVersion = 13.4.1;
					};
					6C318E3E29017F99005CA902 = {
						CreatedOnToolsVersion = 13.4.1;
						TestTargetID = 6C318E2829017F98005CA902;
					};
					6C318E4829017F99005CA902 = {
						CreatedOnToolsVersion = 13.4.1;
						TestTargetID = 6C318E2829017F98005CA902;
					};
				};
			};
			buildConfigurationList = 6C318E2429017F98005CA902 /* Build configuration list for PBXProject "Interface" */;
			compatibilityVersion = "Xcode 13.0";
			developmentRegion = en;
			hasScannedForEncodings = 0;
			knownRegions = (
				en,
				Base,
			);
			mainGroup = 6C318E2029017F98005CA902;
			productRefGroup = 6C318E2A29017F98005CA902 /* Products */;
			projectDirPath = "";
			projectRoot = "";
			targets = (
				6C318E2829017F98005CA902 /* Interface */,
				6C318E3E29017F99005CA902 /* InterfaceTests */,
				6C318E4829017F99005CA902 /* InterfaceUITests */,
			);
		};
/* End PBXProject section */

/* Begin PBXResourcesBuildPhase section */
		6C318E2729017F98005CA902 /* Resources */ = {
			isa = PBXResourcesBuildPhase;
			buildActionMask = 2147483647;
			files = (
				6C318E3929017F99005CA902 /* LaunchScreen.storyboard in Resources */,
				6C318E3629017F99005CA902 /* Assets.xcassets in Resources */,
				6C318E3429017F98005CA902 /* Main.storyboard in Resources */,
			);
			runOnlyForDeploymentPostprocessing = 0;
		};
		6C318E3D29017F99005CA902 /* Resources */ = {
			isa = PBXResourcesBuildPhase;
			buildActionMask = 2147483647;
			files = (
			);
			runOnlyForDeploymentPostprocessing = 0;
		};
		6C318E4729017F99005CA902 /* Resources */ = {
			isa = PBXResourcesBuildPhase;
			buildActionMask = 2147483647;
			files = (
			);
			runOnlyForDeploymentPostprocessing = 0;
		};
/* End PBXResourcesBuildPhase section */

/* Begin PBXSourcesBuildPhase section */
		6C318E2529017F98005CA902 /* Sources */ = {
			isa = PBXSourcesBuildPhase;
			buildActionMask = 2147483647;
			files = (
				6C120A1929154CA300CFB859 /* SignupStep1ViewController.swift in Sources */,
				6C120A1B29154CC200CFB859 /* SignupStep2ViewController.swift in Sources */,
				6C120A1D2915502500CFB859 /* User.swift in Sources */,
				6C318E3129017F98005CA902 /* ViewController.swift in Sources */,
				6C318E2D29017F98005CA902 /* AppDelegate.swift in Sources */,
				6C318E2F29017F98005CA902 /* SceneDelegate.swift in Sources */,
			);
			runOnlyForDeploymentPostprocessing = 0;
		};
		6C318E3B29017F99005CA902 /* Sources */ = {
			isa = PBXSourcesBuildPhase;
			buildActionMask = 2147483647;
			files = (
				6C318E4429017F99005CA902 /* InterfaceTests.swift in Sources */,
			);
			runOnlyForDeploymentPostprocessing = 0;
		};
		6C318E4529017F99005CA902 /* Sources */ = {
			isa = PBXSourcesBuildPhase;
			buildActionMask = 2147483647;
			files = (
				6C318E5029017F99005CA902 /* InterfaceUITestsLaunchTests.swift in Sources */,
				6C318E4E29017F99005CA902 /* InterfaceUITests.swift in Sources */,
			);
			runOnlyForDeploymentPostprocessing = 0;
		};
/* End PBXSourcesBuildPhase section */

/* Begin PBXTargetDependency section */
		6C318E4129017F99005CA902 /* PBXTargetDependency */ = {
			isa = PBXTargetDependency;
			target = 6C318E2829017F98005CA902 /* Interface */;
			targetProxy = 6C318E4029017F99005CA902 /* PBXContainerItemProxy */;
		};
		6C318E4B29017F99005CA902 /* PBXTargetDependency */ = {
			isa = PBXTargetDependency;
			target = 6C318E2829017F98005CA902 /* Interface */;
			targetProxy = 6C318E4A29017F99005CA902 /* PBXContainerItemProxy */;
		};
/* End PBXTargetDependency section */

/* Begin PBXVariantGroup section */
		6C318E3229017F98005CA902 /* Main.storyboard */ = {
			isa = PBXVariantGroup;
			children = (
				6C318E3329017F98005CA902 /* Base */,
			);
			name = Main.storyboard;
			sourceTree = "<group>";
		};
		6C318E3729017F99005CA902 /* LaunchScreen.storyboard */ = {
			isa = PBXVariantGroup;
			children = (
				6C318E3829017F99005CA902 /* Base */,
			);
			name = LaunchScreen.storyboard;
			sourceTree = "<group>";
		};
/* End PBXVariantGroup section */

/* Begin XCBuildConfiguration section */
		6C318E5129017F99005CA902 /* Debug */ = {
			isa = XCBuildConfiguration;
			buildSettings = {
				ALWAYS_SEARCH_USER_PATHS = NO;
				CLANG_ANALYZER_NONNULL = YES;
				CLANG_ANALYZER_NUMBER_OBJECT_CONVERSION = YES_AGGRESSIVE;
				CLANG_CXX_LANGUAGE_STANDARD = "gnu++17";
				CLANG_ENABLE_MODULES = YES;
				CLANG_ENABLE_OBJC_ARC = YES;
				CLANG_ENABLE_OBJC_WEAK = YES;
				CLANG_WARN_BLOCK_CAPTURE_AUTORELEASING = YES;
				CLANG_WARN_BOOL_CONVERSION = YES;
				CLANG_WARN_COMMA = YES;
				CLANG_WARN_CONSTANT_CONVERSION = YES;
				CLANG_WARN_DEPRECATED_OBJC_IMPLEMENTATIONS = YES;
				CLANG_WARN_DIRECT_OBJC_ISA_USAGE = YES_ERROR;
				CLANG_WARN_DOCUMENTATION_COMMENTS = YES;
				CLANG_WARN_EMPTY_BODY = YES;
				CLANG_WARN_ENUM_CONVERSION = YES;
				CLANG_WARN_INFINITE_RECURSION = YES;
				CLANG_WARN_INT_CONVERSION = YES;
				CLANG_WARN_NON_LITERAL_NULL_CONVERSION = YES;
				CLANG_WARN_OBJC_IMPLICIT_RETAIN_SELF = YES;
				CLANG_WARN_OBJC_LITERAL_CONVERSION = YES;
				CLANG_WARN_OBJC_ROOT_CLASS = YES_ERROR;
				CLANG_WARN_QUOTED_INCLUDE_IN_FRAMEWORK_HEADER = YES;
				CLANG_WARN_RANGE_LOOP_ANALYSIS = YES;
				CLANG_WARN_STRICT_PROTOTYPES = YES;
				CLANG_WARN_SUSPICIOUS_MOVE = YES;
				CLANG_WARN_UNGUARDED_AVAILABILITY = YES_AGGRESSIVE;
				CLANG_WARN_UNREACHABLE_CODE = YES;
				CLANG_WARN__DUPLICATE_METHOD_MATCH = YES;
				COPY_PHASE_STRIP = NO;
				DEBUG_INFORMATION_FORMAT = dwarf;
				ENABLE_STRICT_OBJC_MSGSEND = YES;
				ENABLE_TESTABILITY = YES;
				GCC_C_LANGUAGE_STANDARD = gnu11;
				GCC_DYNAMIC_NO_PIC = NO;
				GCC_NO_COMMON_BLOCKS = YES;
				GCC_OPTIMIZATION_LEVEL = 0;
				GCC_PREPROCESSOR_DEFINITIONS = (
					"DEBUG=1",
					"$(inherited)",
				);
				GCC_WARN_64_TO_32_BIT_CONVERSION = YES;
				GCC_WARN_ABOUT_RETURN_TYPE = YES_ERROR;
				GCC_WARN_UNDECLARED_SELECTOR = YES;
				GCC_WARN_UNINITIALIZED_AUTOS = YES_AGGRESSIVE;
				GCC_WARN_UNUSED_FUNCTION = YES;
				GCC_WARN_UNUSED_VARIABLE = YES;
				IPHONEOS_DEPLOYMENT_TARGET = 15.5;
				MTL_ENABLE_DEBUG_INFO = INCLUDE_SOURCE;
				MTL_FAST_MATH = YES;
				ONLY_ACTIVE_ARCH = YES;
				SDKROOT = iphoneos;
				SWIFT_ACTIVE_COMPILATION_CONDITIONS = DEBUG;
				SWIFT_OPTIMIZATION_LEVEL = "-Onone";
			};
			name = Debug;
		};
		6C318E5229017F99005CA902 /* Release */ = {
			isa = XCBuildConfiguration;
			buildSettings = {
				ALWAYS_SEARCH_USER_PATHS = NO;
				CLANG_ANALYZER_NONNULL = YES;
				CLANG_ANALYZER_NUMBER_OBJECT_CONVERSION = YES_AGGRESSIVE;
				CLANG_CXX_LANGUAGE_STANDARD = "gnu++17";
				CLANG_ENABLE_MODULES = YES;
				CLANG_ENABLE_OBJC_ARC = YES;
				CLANG_ENABLE_OBJC_WEAK = YES;
				CLANG_WARN_BLOCK_CAPTURE_AUTORELEASING = YES;
				CLANG_WARN_BOOL_CONVERSION = YES;
				CLANG_WARN_COMMA = YES;
				CLANG_WARN_CONSTANT_CONVERSION = YES;
				CLANG_WARN_DEPRECATED_OBJC_IMPLEMENTATIONS = YES;
				CLANG_WARN_DIRECT_OBJC_ISA_USAGE = YES_ERROR;
				CLANG_WARN_DOCUMENTATION_COMMENTS = YES;
				CLANG_WARN_EMPTY_BODY = YES;
				CLANG_WARN_ENUM_CONVERSION = YES;
				CLANG_WARN_INFINITE_RECURSION = YES;
				CLANG_WARN_INT_CONVERSION = YES;
				CLANG_WARN_NON_LITERAL_NULL_CONVERSION = YES;
				CLANG_WARN_OBJC_IMPLICIT_RETAIN_SELF = YES;
				CLANG_WARN_OBJC_LITERAL_CONVERSION = YES;
				CLANG_WARN_OBJC_ROOT_CLASS = YES_ERROR;
				CLANG_WARN_QUOTED_INCLUDE_IN_FRAMEWORK_HEADER = YES;
				CLANG_WARN_RANGE_LOOP_ANALYSIS = YES;
				CLANG_WARN_STRICT_PROTOTYPES = YES;
				CLANG_WARN_SUSPICIOUS_MOVE = YES;
				CLANG_WARN_UNGUARDED_AVAILABILITY = YES_AGGRESSIVE;
				CLANG_WARN_UNREACHABLE_CODE = YES;
				CLANG_WARN__DUPLICATE_METHOD_MATCH = YES;
				COPY_PHASE_STRIP = NO;
				DEBUG_INFORMATION_FORMAT = "dwarf-with-dsym";
				ENABLE_NS_ASSERTIONS = NO;
				ENABLE_STRICT_OBJC_MSGSEND = YES;
				GCC_C_LANGUAGE_STANDARD = gnu11;
				GCC_NO_COMMON_BLOCKS = YES;
				GCC_WARN_64_TO_32_BIT_CONVERSION = YES;
				GCC_WARN_ABOUT_RETURN_TYPE = YES_ERROR;
				GCC_WARN_UNDECLARED_SELECTOR = YES;
				GCC_WARN_UNINITIALIZED_AUTOS = YES_AGGRESSIVE;
				GCC_WARN_UNUSED_FUNCTION = YES;
				GCC_WARN_UNUSED_VARIABLE = YES;
				IPHONEOS_DEPLOYMENT_TARGET = 15.5;
				MTL_ENABLE_DEBUG_INFO = NO;
				MTL_FAST_MATH = YES;
				SDKROOT = iphoneos;
				SWIFT_COMPILATION_MODE = wholemodule;
				SWIFT_OPTIMIZATION_LEVEL = "-O";
				VALIDATE_PRODUCT = YES;
			};
			name = Release;
		};
		6C318E5429017F99005CA902 /* Debug */ = {
			isa = XCBuildConfiguration;
			buildSettings = {
				ASSETCATALOG_COMPILER_APPICON_NAME = AppIcon;
				ASSETCATALOG_COMPILER_GLOBAL_ACCENT_COLOR_NAME = AccentColor;
				CODE_SIGN_STYLE = Automatic;
				CURRENT_PROJECT_VERSION = 1;
				DEVELOPMENT_TEAM = C2UVYFGAHN;
				GENERATE_INFOPLIST_FILE = YES;
				INFOPLIST_FILE = Interface/Info.plist;
				INFOPLIST_KEY_UIApplicationSupportsIndirectInputEvents = YES;
				INFOPLIST_KEY_UILaunchStoryboardName = LaunchScreen;
				INFOPLIST_KEY_UIMainStoryboardFile = Main;
				INFOPLIST_KEY_UISupportedInterfaceOrientations_iPad = "UIInterfaceOrientationPortrait UIInterfaceOrientationPortraitUpsideDown UIInterfaceOrientationLandscapeLeft UIInterfaceOrientationLandscapeRight";
				INFOPLIST_KEY_UISupportedInterfaceOrientations_iPhone = "UIInterfaceOrientationPortrait UIInterfaceOrientationLandscapeLeft UIInterfaceOrientationLandscapeRight";
				LD_RUNPATH_SEARCH_PATHS = (
					"$(inherited)",
					"@executable_path/Frameworks",
				);
				MARKETING_VERSION = 1.0;
				PRODUCT_BUNDLE_IDENTIFIER = "Junktion-Studios.Interface";
				PRODUCT_NAME = "$(TARGET_NAME)";
				SWIFT_EMIT_LOC_STRINGS = YES;
				SWIFT_VERSION = 5.0;
				TARGETED_DEVICE_FAMILY = "1,2";
			};
			name = Debug;
		};
		6C318E5529017F99005CA902 /* Release */ = {
			isa = XCBuildConfiguration;
			buildSettings = {
				ASSETCATALOG_COMPILER_APPICON_NAME = AppIcon;
				ASSETCATALOG_COMPILER_GLOBAL_ACCENT_COLOR_NAME = AccentColor;
				CODE_SIGN_STYLE = Automatic;
				CURRENT_PROJECT_VERSION = 1;
				DEVELOPMENT_TEAM = C2UVYFGAHN;
				GENERATE_INFOPLIST_FILE = YES;
				INFOPLIST_FILE = Interface/Info.plist;
				INFOPLIST_KEY_UIApplicationSupportsIndirectInputEvents = YES;
				INFOPLIST_KEY_UILaunchStoryboardName = LaunchScreen;
				INFOPLIST_KEY_UIMainStoryboardFile = Main;
				INFOPLIST_KEY_UISupportedInterfaceOrientations_iPad = "UIInterfaceOrientationPortrait UIInterfaceOrientationPortraitUpsideDown UIInterfaceOrientationLandscapeLeft UIInterfaceOrientationLandscapeRight";
				INFOPLIST_KEY_UISupportedInterfaceOrientations_iPhone = "UIInterfaceOrientationPortrait UIInterfaceOrientationLandscapeLeft UIInterfaceOrientationLandscapeRight";
				LD_RUNPATH_SEARCH_PATHS = (
					"$(inherited)",
					"@executable_path/Frameworks",
				);
				MARKETING_VERSION = 1.0;
				PRODUCT_BUNDLE_IDENTIFIER = "Junktion-Studios.Interface";
				PRODUCT_NAME = "$(TARGET_NAME)";
				SWIFT_EMIT_LOC_STRINGS = YES;
				SWIFT_VERSION = 5.0;
				TARGETED_DEVICE_FAMILY = "1,2";
			};
			name = Release;
		};
		6C318E5729017F99005CA902 /* Debug */ = {
			isa = XCBuildConfiguration;
			buildSettings = {
				ALWAYS_EMBED_SWIFT_STANDARD_LIBRARIES = YES;
				BUNDLE_LOADER = "$(TEST_HOST)";
				CODE_SIGN_STYLE = Automatic;
				CURRENT_PROJECT_VERSION = 1;
				DEVELOPMENT_TEAM = C2UVYFGAHN;
				GENERATE_INFOPLIST_FILE = YES;
				IPHONEOS_DEPLOYMENT_TARGET = 15.5;
				MARKETING_VERSION = 1.0;
				PRODUCT_BUNDLE_IDENTIFIER = "Junktion-Studios.InterfaceTests";
				PRODUCT_NAME = "$(TARGET_NAME)";
				SWIFT_EMIT_LOC_STRINGS = NO;
				SWIFT_VERSION = 5.0;
				TARGETED_DEVICE_FAMILY = "1,2";
				TEST_HOST = "$(BUILT_PRODUCTS_DIR)/Interface.app/Interface";
			};
			name = Debug;
		};
		6C318E5829017F99005CA902 /* Release */ = {
			isa = XCBuildConfiguration;
			buildSettings = {
				ALWAYS_EMBED_SWIFT_STANDARD_LIBRARIES = YES;
				BUNDLE_LOADER = "$(TEST_HOST)";
				CODE_SIGN_STYLE = Automatic;
				CURRENT_PROJECT_VERSION = 1;
				DEVELOPMENT_TEAM = C2UVYFGAHN;
				GENERATE_INFOPLIST_FILE = YES;
				IPHONEOS_DEPLOYMENT_TARGET = 15.5;
				MARKETING_VERSION = 1.0;
				PRODUCT_BUNDLE_IDENTIFIER = "Junktion-Studios.InterfaceTests";
				PRODUCT_NAME = "$(TARGET_NAME)";
				SWIFT_EMIT_LOC_STRINGS = NO;
				SWIFT_VERSION = 5.0;
				TARGETED_DEVICE_FAMILY = "1,2";
				TEST_HOST = "$(BUILT_PRODUCTS_DIR)/Interface.app/Interface";
			};
			name = Release;
		};
		6C318E5A29017F99005CA902 /* Debug */ = {
			isa = XCBuildConfiguration;
			buildSettings = {
				ALWAYS_EMBED_SWIFT_STANDARD_LIBRARIES = YES;
				CODE_SIGN_STYLE = Automatic;
				CURRENT_PROJECT_VERSION = 1;
				DEVELOPMENT_TEAM = C2UVYFGAHN;
				GENERATE_INFOPLIST_FILE = YES;
				MARKETING_VERSION = 1.0;
				PRODUCT_BUNDLE_IDENTIFIER = "Junktion-Studios.InterfaceUITests";
				PRODUCT_NAME = "$(TARGET_NAME)";
				SWIFT_EMIT_LOC_STRINGS = NO;
				SWIFT_VERSION = 5.0;
				TARGETED_DEVICE_FAMILY = "1,2";
				TEST_TARGET_NAME = Interface;
			};
			name = Debug;
		};
		6C318E5B29017F99005CA902 /* Release */ = {
			isa = XCBuildConfiguration;
			buildSettings = {
				ALWAYS_EMBED_SWIFT_STANDARD_LIBRARIES = YES;
				CODE_SIGN_STYLE = Automatic;
				CURRENT_PROJECT_VERSION = 1;
				DEVELOPMENT_TEAM = C2UVYFGAHN;
				GENERATE_INFOPLIST_FILE = YES;
				MARKETING_VERSION = 1.0;
				PRODUCT_BUNDLE_IDENTIFIER = "Junktion-Studios.InterfaceUITests";
				PRODUCT_NAME = "$(TARGET_NAME)";
				SWIFT_EMIT_LOC_STRINGS = NO;
				SWIFT_VERSION = 5.0;
				TARGETED_DEVICE_FAMILY = "1,2";
				TEST_TARGET_NAME = Interface;
			};
			name = Release;
		};
/* End XCBuildConfiguration section */

/* Begin XCConfigurationList section */
		6C318E2429017F98005CA902 /* Build configuration list for PBXProject "Interface" */ = {
			isa = XCConfigurationList;
			buildConfigurations = (
				6C318E5129017F99005CA902 /* Debug */,
				6C318E5229017F99005CA902 /* Release */,
			);
			defaultConfigurationIsVisible = 0;
			defaultConfigurationName = Release;
		};
		6C318E5329017F99005CA902 /* Build configuration list for PBXNativeTarget "Interface" */ = {
			isa = XCConfigurationList;
			buildConfigurations = (
				6C318E5429017F99005CA902 /* Debug */,
				6C318E5529017F99005CA902 /* Release */,
			);
			defaultConfigurationIsVisible = 0;
			defaultConfigurationName = Release;
		};
		6C318E5629017F99005CA902 /* Build configuration list for PBXNativeTarget "InterfaceTests" */ = {
			isa = XCConfigurationList;
			buildConfigurations = (
				6C318E5729017F99005CA902 /* Debug */,
				6C318E5829017F99005CA902 /* Release */,
			);
			defaultConfigurationIsVisible = 0;
			defaultConfigurationName = Release;
		};
		6C318E5929017F99005CA902 /* Build configuration list for PBXNativeTarget "InterfaceUITests" */ = {
			isa = XCConfigurationList;
			buildConfigurations = (
				6C318E5A29017F99005CA902 /* Debug */,
				6C318E5B29017F99005CA902 /* Release */,
			);
			defaultConfigurationIsVisible = 0;
			defaultConfigurationName = Release;
		};
/* End XCConfigurationList section */
	};
	rootObject = 6C318E2129017F98005CA902 /* Project object */;
}
