// !$*UTF8*$!
{
	archiveVersion = 1;
	classes = {
	};
	objectVersion = 56;
	objects = {

/* Begin PBXBuildFile section */
		6CA0451C291D399E002DFF8C /* AppDelegate.swift in Sources */ = {isa = PBXBuildFile; fileRef = 6CA0451B291D399E002DFF8C /* AppDelegate.swift */; };
		6CA0451E291D399E002DFF8C /* SceneDelegate.swift in Sources */ = {isa = PBXBuildFile; fileRef = 6CA0451D291D399E002DFF8C /* SceneDelegate.swift */; };
		6CA04520291D399E002DFF8C /* ViewController.swift in Sources */ = {isa = PBXBuildFile; fileRef = 6CA0451F291D399E002DFF8C /* ViewController.swift */; };
		6CA04523291D399E002DFF8C /* Main.storyboard in Resources */ = {isa = PBXBuildFile; fileRef = 6CA04521291D399E002DFF8C /* Main.storyboard */; };
		6CA04525291D39A0002DFF8C /* Assets.xcassets in Resources */ = {isa = PBXBuildFile; fileRef = 6CA04524291D39A0002DFF8C /* Assets.xcassets */; };
		6CA04528291D39A0002DFF8C /* LaunchScreen.storyboard in Resources */ = {isa = PBXBuildFile; fileRef = 6CA04526291D39A0002DFF8C /* LaunchScreen.storyboard */; };
		6CA04533291D39A0002DFF8C /* webBrowserTests.swift in Sources */ = {isa = PBXBuildFile; fileRef = 6CA04532291D39A0002DFF8C /* webBrowserTests.swift */; };
		6CA0453D291D39A0002DFF8C /* webBrowserUITests.swift in Sources */ = {isa = PBXBuildFile; fileRef = 6CA0453C291D39A0002DFF8C /* webBrowserUITests.swift */; };
		6CA0453F291D39A0002DFF8C /* webBrowserUITestsLaunchTests.swift in Sources */ = {isa = PBXBuildFile; fileRef = 6CA0453E291D39A0002DFF8C /* webBrowserUITestsLaunchTests.swift */; };
/* End PBXBuildFile section */

/* Begin PBXContainerItemProxy section */
		6CA0452F291D39A0002DFF8C /* PBXContainerItemProxy */ = {
			isa = PBXContainerItemProxy;
			containerPortal = 6CA04510291D399E002DFF8C /* Project object */;
			proxyType = 1;
			remoteGlobalIDString = 6CA04517291D399E002DFF8C;
			remoteInfo = webBrowser;
		};
		6CA04539291D39A0002DFF8C /* PBXContainerItemProxy */ = {
			isa = PBXContainerItemProxy;
			containerPortal = 6CA04510291D399E002DFF8C /* Project object */;
			proxyType = 1;
			remoteGlobalIDString = 6CA04517291D399E002DFF8C;
			remoteInfo = webBrowser;
		};
/* End PBXContainerItemProxy section */

/* Begin PBXFileReference section */
		6CA04518291D399E002DFF8C /* webBrowser.app */ = {isa = PBXFileReference; explicitFileType = wrapper.application; includeInIndex = 0; path = webBrowser.app; sourceTree = BUILT_PRODUCTS_DIR; };
		6CA0451B291D399E002DFF8C /* AppDelegate.swift */ = {isa = PBXFileReference; lastKnownFileType = sourcecode.swift; path = AppDelegate.swift; sourceTree = "<group>"; };
		6CA0451D291D399E002DFF8C /* SceneDelegate.swift */ = {isa = PBXFileReference; lastKnownFileType = sourcecode.swift; path = SceneDelegate.swift; sourceTree = "<group>"; };
		6CA0451F291D399E002DFF8C /* ViewController.swift */ = {isa = PBXFileReference; lastKnownFileType = sourcecode.swift; path = ViewController.swift; sourceTree = "<group>"; };
		6CA04522291D399E002DFF8C /* Base */ = {isa = PBXFileReference; lastKnownFileType = file.storyboard; name = Base; path = Base.lproj/Main.storyboard; sourceTree = "<group>"; };
		6CA04524291D39A0002DFF8C /* Assets.xcassets */ = {isa = PBXFileReference; lastKnownFileType = folder.assetcatalog; path = Assets.xcassets; sourceTree = "<group>"; };
		6CA04527291D39A0002DFF8C /* Base */ = {isa = PBXFileReference; lastKnownFileType = file.storyboard; name = Base; path = Base.lproj/LaunchScreen.storyboard; sourceTree = "<group>"; };
		6CA04529291D39A0002DFF8C /* Info.plist */ = {isa = PBXFileReference; lastKnownFileType = text.plist.xml; path = Info.plist; sourceTree = "<group>"; };
		6CA0452E291D39A0002DFF8C /* webBrowserTests.xctest */ = {isa = PBXFileReference; explicitFileType = wrapper.cfbundle; includeInIndex = 0; path = webBrowserTests.xctest; sourceTree = BUILT_PRODUCTS_DIR; };
		6CA04532291D39A0002DFF8C /* webBrowserTests.swift */ = {isa = PBXFileReference; lastKnownFileType = sourcecode.swift; path = webBrowserTests.swift; sourceTree = "<group>"; };
		6CA04538291D39A0002DFF8C /* webBrowserUITests.xctest */ = {isa = PBXFileReference; explicitFileType = wrapper.cfbundle; includeInIndex = 0; path = webBrowserUITests.xctest; sourceTree = BUILT_PRODUCTS_DIR; };
		6CA0453C291D39A0002DFF8C /* webBrowserUITests.swift */ = {isa = PBXFileReference; lastKnownFileType = sourcecode.swift; path = webBrowserUITests.swift; sourceTree = "<group>"; };
		6CA0453E291D39A0002DFF8C /* webBrowserUITestsLaunchTests.swift */ = {isa = PBXFileReference; lastKnownFileType = sourcecode.swift; path = webBrowserUITestsLaunchTests.swift; sourceTree = "<group>"; };
/* End PBXFileReference section */

/* Begin PBXFrameworksBuildPhase section */
		6CA04515291D399E002DFF8C /* Frameworks */ = {
			isa = PBXFrameworksBuildPhase;
			buildActionMask = 2147483647;
			files = (
			);
			runOnlyForDeploymentPostprocessing = 0;
		};
		6CA0452B291D39A0002DFF8C /* Frameworks */ = {
			isa = PBXFrameworksBuildPhase;
			buildActionMask = 2147483647;
			files = (
			);
			runOnlyForDeploymentPostprocessing = 0;
		};
		6CA04535291D39A0002DFF8C /* Frameworks */ = {
			isa = PBXFrameworksBuildPhase;
			buildActionMask = 2147483647;
			files = (
			);
			runOnlyForDeploymentPostprocessing = 0;
		};
/* End PBXFrameworksBuildPhase section */

/* Begin PBXGroup section */
		6CA0450F291D399E002DFF8C = {
			isa = PBXGroup;
			children = (
				6CA0451A291D399E002DFF8C /* webBrowser */,
				6CA04531291D39A0002DFF8C /* webBrowserTests */,
				6CA0453B291D39A0002DFF8C /* webBrowserUITests */,
				6CA04519291D399E002DFF8C /* Products */,
			);
			sourceTree = "<group>";
		};
		6CA04519291D399E002DFF8C /* Products */ = {
			isa = PBXGroup;
			children = (
				6CA04518291D399E002DFF8C /* webBrowser.app */,
				6CA0452E291D39A0002DFF8C /* webBrowserTests.xctest */,
				6CA04538291D39A0002DFF8C /* webBrowserUITests.xctest */,
			);
			name = Products;
			sourceTree = "<group>";
		};
		6CA0451A291D399E002DFF8C /* webBrowser */ = {
			isa = PBXGroup;
			children = (
				6CA0451B291D399E002DFF8C /* AppDelegate.swift */,
				6CA0451D291D399E002DFF8C /* SceneDelegate.swift */,
				6CA0451F291D399E002DFF8C /* ViewController.swift */,
				6CA04521291D399E002DFF8C /* Main.storyboard */,
				6CA04524291D39A0002DFF8C /* Assets.xcassets */,
				6CA04526291D39A0002DFF8C /* LaunchScreen.storyboard */,
				6CA04529291D39A0002DFF8C /* Info.plist */,
			);
			path = webBrowser;
			sourceTree = "<group>";
		};
		6CA04531291D39A0002DFF8C /* webBrowserTests */ = {
			isa = PBXGroup;
			children = (
				6CA04532291D39A0002DFF8C /* webBrowserTests.swift */,
			);
			path = webBrowserTests;
			sourceTree = "<group>";
		};
		6CA0453B291D39A0002DFF8C /* webBrowserUITests */ = {
			isa = PBXGroup;
			children = (
				6CA0453C291D39A0002DFF8C /* webBrowserUITests.swift */,
				6CA0453E291D39A0002DFF8C /* webBrowserUITestsLaunchTests.swift */,
			);
			path = webBrowserUITests;
			sourceTree = "<group>";
		};
/* End PBXGroup section */

/* Begin PBXNativeTarget section */
		6CA04517291D399E002DFF8C /* webBrowser */ = {
			isa = PBXNativeTarget;
			buildConfigurationList = 6CA04542291D39A0002DFF8C /* Build configuration list for PBXNativeTarget "webBrowser" */;
			buildPhases = (
				6CA04514291D399E002DFF8C /* Sources */,
				6CA04515291D399E002DFF8C /* Frameworks */,
				6CA04516291D399E002DFF8C /* Resources */,
			);
			buildRules = (
			);
			dependencies = (
			);
			name = webBrowser;
			productName = webBrowser;
			productReference = 6CA04518291D399E002DFF8C /* webBrowser.app */;
			productType = "com.apple.product-type.application";
		};
		6CA0452D291D39A0002DFF8C /* webBrowserTests */ = {
			isa = PBXNativeTarget;
			buildConfigurationList = 6CA04545291D39A0002DFF8C /* Build configuration list for PBXNativeTarget "webBrowserTests" */;
			buildPhases = (
				6CA0452A291D39A0002DFF8C /* Sources */,
				6CA0452B291D39A0002DFF8C /* Frameworks */,
				6CA0452C291D39A0002DFF8C /* Resources */,
			);
			buildRules = (
			);
			dependencies = (
				6CA04530291D39A0002DFF8C /* PBXTargetDependency */,
			);
			name = webBrowserTests;
			productName = webBrowserTests;
			productReference = 6CA0452E291D39A0002DFF8C /* webBrowserTests.xctest */;
			productType = "com.apple.product-type.bundle.unit-test";
		};
		6CA04537291D39A0002DFF8C /* webBrowserUITests */ = {
			isa = PBXNativeTarget;
			buildConfigurationList = 6CA04548291D39A0002DFF8C /* Build configuration list for PBXNativeTarget "webBrowserUITests" */;
			buildPhases = (
				6CA04534291D39A0002DFF8C /* Sources */,
				6CA04535291D39A0002DFF8C /* Frameworks */,
				6CA04536291D39A0002DFF8C /* Resources */,
			);
			buildRules = (
			);
			dependencies = (
				6CA0453A291D39A0002DFF8C /* PBXTargetDependency */,
			);
			name = webBrowserUITests;
			productName = webBrowserUITests;
			productReference = 6CA04538291D39A0002DFF8C /* webBrowserUITests.xctest */;
			productType = "com.apple.product-type.bundle.ui-testing";
		};
/* End PBXNativeTarget section */

/* Begin PBXProject section */
		6CA04510291D399E002DFF8C /* Project object */ = {
			isa = PBXProject;
			attributes = {
				BuildIndependentTargetsInParallel = 1;
				LastSwiftUpdateCheck = 1400;
				LastUpgradeCheck = 1400;
				TargetAttributes = {
					6CA04517291D399E002DFF8C = {
						CreatedOnToolsVersion = 14.0.1;
					};
					6CA0452D291D39A0002DFF8C = {
						CreatedOnToolsVersion = 14.0.1;
						TestTargetID = 6CA04517291D399E002DFF8C;
					};
					6CA04537291D39A0002DFF8C = {
						CreatedOnToolsVersion = 14.0.1;
						TestTargetID = 6CA04517291D399E002DFF8C;
					};
				};
			};
			buildConfigurationList = 6CA04513291D399E002DFF8C /* Build configuration list for PBXProject "webBrowser" */;
			compatibilityVersion = "Xcode 14.0";
			developmentRegion = en;
			hasScannedForEncodings = 0;
			knownRegions = (
				en,
				Base,
			);
			mainGroup = 6CA0450F291D399E002DFF8C;
			packageReferences = (
				6CC3D85D2926879A000895D2 /* XCRemoteSwiftPackageReference "mapbox-maps-ios" */,
			);
			productRefGroup = 6CA04519291D399E002DFF8C /* Products */;
			projectDirPath = "";
			projectRoot = "";
			targets = (
				6CA04517291D399E002DFF8C /* webBrowser */,
				6CA0452D291D39A0002DFF8C /* webBrowserTests */,
				6CA04537291D39A0002DFF8C /* webBrowserUITests */,
			);
		};
/* End PBXProject section */

/* Begin PBXResourcesBuildPhase section */
		6CA04516291D399E002DFF8C /* Resources */ = {
			isa = PBXResourcesBuildPhase;
			buildActionMask = 2147483647;
			files = (
				6CA04528291D39A0002DFF8C /* LaunchScreen.storyboard in Resources */,
				6CA04525291D39A0002DFF8C /* Assets.xcassets in Resources */,
				6CA04523291D399E002DFF8C /* Main.storyboard in Resources */,
			);
			runOnlyForDeploymentPostprocessing = 0;
		};
		6CA0452C291D39A0002DFF8C /* Resources */ = {
			isa = PBXResourcesBuildPhase;
			buildActionMask = 2147483647;
			files = (
			);
			runOnlyForDeploymentPostprocessing = 0;
		};
		6CA04536291D39A0002DFF8C /* Resources */ = {
			isa = PBXResourcesBuildPhase;
			buildActionMask = 2147483647;
			files = (
			);
			runOnlyForDeploymentPostprocessing = 0;
		};
/* End PBXResourcesBuildPhase section */

/* Begin PBXSourcesBuildPhase section */
		6CA04514291D399E002DFF8C /* Sources */ = {
			isa = PBXSourcesBuildPhase;
			buildActionMask = 2147483647;
			files = (
				6CA04520291D399E002DFF8C /* ViewController.swift in Sources */,
				6CA0451C291D399E002DFF8C /* AppDelegate.swift in Sources */,
				6CA0451E291D399E002DFF8C /* SceneDelegate.swift in Sources */,
			);
			runOnlyForDeploymentPostprocessing = 0;
		};
		6CA0452A291D39A0002DFF8C /* Sources */ = {
			isa = PBXSourcesBuildPhase;
			buildActionMask = 2147483647;
			files = (
				6CA04533291D39A0002DFF8C /* webBrowserTests.swift in Sources */,
			);
			runOnlyForDeploymentPostprocessing = 0;
		};
		6CA04534291D39A0002DFF8C /* Sources */ = {
			isa = PBXSourcesBuildPhase;
			buildActionMask = 2147483647;
			files = (
				6CA0453F291D39A0002DFF8C /* webBrowserUITestsLaunchTests.swift in Sources */,
				6CA0453D291D39A0002DFF8C /* webBrowserUITests.swift in Sources */,
			);
			runOnlyForDeploymentPostprocessing = 0;
		};
/* End PBXSourcesBuildPhase section */

/* Begin PBXTargetDependency section */
		6CA04530291D39A0002DFF8C /* PBXTargetDependency */ = {
			isa = PBXTargetDependency;
			target = 6CA04517291D399E002DFF8C /* webBrowser */;
			targetProxy = 6CA0452F291D39A0002DFF8C /* PBXContainerItemProxy */;
		};
		6CA0453A291D39A0002DFF8C /* PBXTargetDependency */ = {
			isa = PBXTargetDependency;
			target = 6CA04517291D399E002DFF8C /* webBrowser */;
			targetProxy = 6CA04539291D39A0002DFF8C /* PBXContainerItemProxy */;
		};
/* End PBXTargetDependency section */

/* Begin PBXVariantGroup section */
		6CA04521291D399E002DFF8C /* Main.storyboard */ = {
			isa = PBXVariantGroup;
			children = (
				6CA04522291D399E002DFF8C /* Base */,
			);
			name = Main.storyboard;
			sourceTree = "<group>";
		};
		6CA04526291D39A0002DFF8C /* LaunchScreen.storyboard */ = {
			isa = PBXVariantGroup;
			children = (
				6CA04527291D39A0002DFF8C /* Base */,
			);
			name = LaunchScreen.storyboard;
			sourceTree = "<group>";
		};
/* End PBXVariantGroup section */

/* Begin XCBuildConfiguration section */
		6CA04540291D39A0002DFF8C /* Debug */ = {
			isa = XCBuildConfiguration;
			buildSettings = {
				ALWAYS_SEARCH_USER_PATHS = NO;
				CLANG_ANALYZER_NONNULL = YES;
				CLANG_ANALYZER_NUMBER_OBJECT_CONVERSION = YES_AGGRESSIVE;
				CLANG_CXX_LANGUAGE_STANDARD = "gnu++20";
				CLANG_ENABLE_MODULES = YES;
				CLANG_ENABLE_OBJC_ARC = YES;
				CLANG_ENABLE_OBJC_WEAK = YES;
				CLANG_WARN_BLOCK_CAPTURE_AUTORELEASING = YES;
				CLANG_WARN_BOOL_CONVERSION = YES;
				CLANG_WARN_COMMA = YES;
				CLANG_WARN_CONSTANT_CONVERSION = YES;
				CLANG_WARN_DEPRECATED_OBJC_IMPLEMENTATIONS = YES;
				CLANG_WARN_DIRECT_OBJC_ISA_USAGE = YES_ERROR;
				CLANG_WARN_DOCUMENTATION_COMMENTS = YES;
				CLANG_WARN_EMPTY_BODY = YES;
				CLANG_WARN_ENUM_CONVERSION = YES;
				CLANG_WARN_INFINITE_RECURSION = YES;
				CLANG_WARN_INT_CONVERSION = YES;
				CLANG_WARN_NON_LITERAL_NULL_CONVERSION = YES;
				CLANG_WARN_OBJC_IMPLICIT_RETAIN_SELF = YES;
				CLANG_WARN_OBJC_LITERAL_CONVERSION = YES;
				CLANG_WARN_OBJC_ROOT_CLASS = YES_ERROR;
				CLANG_WARN_QUOTED_INCLUDE_IN_FRAMEWORK_HEADER = YES;
				CLANG_WARN_RANGE_LOOP_ANALYSIS = YES;
				CLANG_WARN_STRICT_PROTOTYPES = YES;
				CLANG_WARN_SUSPICIOUS_MOVE = YES;
				CLANG_WARN_UNGUARDED_AVAILABILITY = YES_AGGRESSIVE;
				CLANG_WARN_UNREACHABLE_CODE = YES;
				CLANG_WARN__DUPLICATE_METHOD_MATCH = YES;
				COPY_PHASE_STRIP = NO;
				DEBUG_INFORMATION_FORMAT = dwarf;
				ENABLE_STRICT_OBJC_MSGSEND = YES;
				ENABLE_TESTABILITY = YES;
				GCC_C_LANGUAGE_STANDARD = gnu11;
				GCC_DYNAMIC_NO_PIC = NO;
				GCC_NO_COMMON_BLOCKS = YES;
				GCC_OPTIMIZATION_LEVEL = 0;
				GCC_PREPROCESSOR_DEFINITIONS = (
					"DEBUG=1",
					"$(inherited)",
				);
				GCC_WARN_64_TO_32_BIT_CONVERSION = YES;
				GCC_WARN_ABOUT_RETURN_TYPE = YES_ERROR;
				GCC_WARN_UNDECLARED_SELECTOR = YES;
				GCC_WARN_UNINITIALIZED_AUTOS = YES_AGGRESSIVE;
				GCC_WARN_UNUSED_FUNCTION = YES;
				GCC_WARN_UNUSED_VARIABLE = YES;
				IPHONEOS_DEPLOYMENT_TARGET = 16.0;
				MTL_ENABLE_DEBUG_INFO = INCLUDE_SOURCE;
				MTL_FAST_MATH = YES;
				ONLY_ACTIVE_ARCH = YES;
				SDKROOT = iphoneos;
				SWIFT_ACTIVE_COMPILATION_CONDITIONS = DEBUG;
				SWIFT_OPTIMIZATION_LEVEL = "-Onone";
			};
			name = Debug;
		};
		6CA04541291D39A0002DFF8C /* Release */ = {
			isa = XCBuildConfiguration;
			buildSettings = {
				ALWAYS_SEARCH_USER_PATHS = NO;
				CLANG_ANALYZER_NONNULL = YES;
				CLANG_ANALYZER_NUMBER_OBJECT_CONVERSION = YES_AGGRESSIVE;
				CLANG_CXX_LANGUAGE_STANDARD = "gnu++20";
				CLANG_ENABLE_MODULES = YES;
				CLANG_ENABLE_OBJC_ARC = YES;
				CLANG_ENABLE_OBJC_WEAK = YES;
				CLANG_WARN_BLOCK_CAPTURE_AUTORELEASING = YES;
				CLANG_WARN_BOOL_CONVERSION = YES;
				CLANG_WARN_COMMA = YES;
				CLANG_WARN_CONSTANT_CONVERSION = YES;
				CLANG_WARN_DEPRECATED_OBJC_IMPLEMENTATIONS = YES;
				CLANG_WARN_DIRECT_OBJC_ISA_USAGE = YES_ERROR;
				CLANG_WARN_DOCUMENTATION_COMMENTS = YES;
				CLANG_WARN_EMPTY_BODY = YES;
				CLANG_WARN_ENUM_CONVERSION = YES;
				CLANG_WARN_INFINITE_RECURSION = YES;
				CLANG_WARN_INT_CONVERSION = YES;
				CLANG_WARN_NON_LITERAL_NULL_CONVERSION = YES;
				CLANG_WARN_OBJC_IMPLICIT_RETAIN_SELF = YES;
				CLANG_WARN_OBJC_LITERAL_CONVERSION = YES;
				CLANG_WARN_OBJC_ROOT_CLASS = YES_ERROR;
				CLANG_WARN_QUOTED_INCLUDE_IN_FRAMEWORK_HEADER = YES;
				CLANG_WARN_RANGE_LOOP_ANALYSIS = YES;
				CLANG_WARN_STRICT_PROTOTYPES = YES;
				CLANG_WARN_SUSPICIOUS_MOVE = YES;
				CLANG_WARN_UNGUARDED_AVAILABILITY = YES_AGGRESSIVE;
				CLANG_WARN_UNREACHABLE_CODE = YES;
				CLANG_WARN__DUPLICATE_METHOD_MATCH = YES;
				COPY_PHASE_STRIP = NO;
				DEBUG_INFORMATION_FORMAT = "dwarf-with-dsym";
				ENABLE_NS_ASSERTIONS = NO;
				ENABLE_STRICT_OBJC_MSGSEND = YES;
				GCC_C_LANGUAGE_STANDARD = gnu11;
				GCC_NO_COMMON_BLOCKS = YES;
				GCC_WARN_64_TO_32_BIT_CONVERSION = YES;
				GCC_WARN_ABOUT_RETURN_TYPE = YES_ERROR;
				GCC_WARN_UNDECLARED_SELECTOR = YES;
				GCC_WARN_UNINITIALIZED_AUTOS = YES_AGGRESSIVE;
				GCC_WARN_UNUSED_FUNCTION = YES;
				GCC_WARN_UNUSED_VARIABLE = YES;
				IPHONEOS_DEPLOYMENT_TARGET = 16.0;
				MTL_ENABLE_DEBUG_INFO = NO;
				MTL_FAST_MATH = YES;
				SDKROOT = iphoneos;
				SWIFT_COMPILATION_MODE = wholemodule;
				SWIFT_OPTIMIZATION_LEVEL = "-O";
				VALIDATE_PRODUCT = YES;
			};
			name = Release;
		};
		6CA04543291D39A0002DFF8C /* Debug */ = {
			isa = XCBuildConfiguration;
			buildSettings = {
				ASSETCATALOG_COMPILER_APPICON_NAME = AppIcon;
				ASSETCATALOG_COMPILER_GLOBAL_ACCENT_COLOR_NAME = AccentColor;
				CODE_SIGN_STYLE = Automatic;
				CURRENT_PROJECT_VERSION = 1;
				DEVELOPMENT_TEAM = C2UVYFGAHN;
				GENERATE_INFOPLIST_FILE = YES;
				INFOPLIST_FILE = webBrowser/Info.plist;
				INFOPLIST_KEY_UIApplicationSupportsIndirectInputEvents = YES;
				INFOPLIST_KEY_UILaunchStoryboardName = LaunchScreen;
				INFOPLIST_KEY_UIMainStoryboardFile = Main;
				INFOPLIST_KEY_UISupportedInterfaceOrientations_iPad = "UIInterfaceOrientationPortrait UIInterfaceOrientationPortraitUpsideDown UIInterfaceOrientationLandscapeLeft UIInterfaceOrientationLandscapeRight";
				INFOPLIST_KEY_UISupportedInterfaceOrientations_iPhone = "UIInterfaceOrientationPortrait UIInterfaceOrientationLandscapeLeft UIInterfaceOrientationLandscapeRight";
				LD_RUNPATH_SEARCH_PATHS = (
					"$(inherited)",
					"@executable_path/Frameworks",
				);
				MARKETING_VERSION = 1.0;
				PRODUCT_BUNDLE_IDENTIFIER = "Junktion-Studios.webBrowser";
				PRODUCT_NAME = "$(TARGET_NAME)";
				SWIFT_EMIT_LOC_STRINGS = YES;
				SWIFT_VERSION = 5.0;
				TARGETED_DEVICE_FAMILY = "1,2";
			};
			name = Debug;
		};
		6CA04544291D39A0002DFF8C /* Release */ = {
			isa = XCBuildConfiguration;
			buildSettings = {
				ASSETCATALOG_COMPILER_APPICON_NAME = AppIcon;
				ASSETCATALOG_COMPILER_GLOBAL_ACCENT_COLOR_NAME = AccentColor;
				CODE_SIGN_STYLE = Automatic;
				CURRENT_PROJECT_VERSION = 1;
				DEVELOPMENT_TEAM = C2UVYFGAHN;
				GENERATE_INFOPLIST_FILE = YES;
				INFOPLIST_FILE = webBrowser/Info.plist;
				INFOPLIST_KEY_UIApplicationSupportsIndirectInputEvents = YES;
				INFOPLIST_KEY_UILaunchStoryboardName = LaunchScreen;
				INFOPLIST_KEY_UIMainStoryboardFile = Main;
				INFOPLIST_KEY_UISupportedInterfaceOrientations_iPad = "UIInterfaceOrientationPortrait UIInterfaceOrientationPortraitUpsideDown UIInterfaceOrientationLandscapeLeft UIInterfaceOrientationLandscapeRight";
				INFOPLIST_KEY_UISupportedInterfaceOrientations_iPhone = "UIInterfaceOrientationPortrait UIInterfaceOrientationLandscapeLeft UIInterfaceOrientationLandscapeRight";
				LD_RUNPATH_SEARCH_PATHS = (
					"$(inherited)",
					"@executable_path/Frameworks",
				);
				MARKETING_VERSION = 1.0;
				PRODUCT_BUNDLE_IDENTIFIER = "Junktion-Studios.webBrowser";
				PRODUCT_NAME = "$(TARGET_NAME)";
				SWIFT_EMIT_LOC_STRINGS = YES;
				SWIFT_VERSION = 5.0;
				TARGETED_DEVICE_FAMILY = "1,2";
			};
			name = Release;
		};
		6CA04546291D39A0002DFF8C /* Debug */ = {
			isa = XCBuildConfiguration;
			buildSettings = {
				ALWAYS_EMBED_SWIFT_STANDARD_LIBRARIES = YES;
				BUNDLE_LOADER = "$(TEST_HOST)";
				CODE_SIGN_STYLE = Automatic;
				CURRENT_PROJECT_VERSION = 1;
				DEVELOPMENT_TEAM = C2UVYFGAHN;
				GENERATE_INFOPLIST_FILE = YES;
				IPHONEOS_DEPLOYMENT_TARGET = 16.0;
				MARKETING_VERSION = 1.0;
				PRODUCT_BUNDLE_IDENTIFIER = "Junktion-Studios.webBrowserTests";
				PRODUCT_NAME = "$(TARGET_NAME)";
				SWIFT_EMIT_LOC_STRINGS = NO;
				SWIFT_VERSION = 5.0;
				TARGETED_DEVICE_FAMILY = "1,2";
				TEST_HOST = "$(BUILT_PRODUCTS_DIR)/webBrowser.app/$(BUNDLE_EXECUTABLE_FOLDER_PATH)/webBrowser";
			};
			name = Debug;
		};
		6CA04547291D39A0002DFF8C /* Release */ = {
			isa = XCBuildConfiguration;
			buildSettings = {
				ALWAYS_EMBED_SWIFT_STANDARD_LIBRARIES = YES;
				BUNDLE_LOADER = "$(TEST_HOST)";
				CODE_SIGN_STYLE = Automatic;
				CURRENT_PROJECT_VERSION = 1;
				DEVELOPMENT_TEAM = C2UVYFGAHN;
				GENERATE_INFOPLIST_FILE = YES;
				IPHONEOS_DEPLOYMENT_TARGET = 16.0;
				MARKETING_VERSION = 1.0;
				PRODUCT_BUNDLE_IDENTIFIER = "Junktion-Studios.webBrowserTests";
				PRODUCT_NAME = "$(TARGET_NAME)";
				SWIFT_EMIT_LOC_STRINGS = NO;
				SWIFT_VERSION = 5.0;
				TARGETED_DEVICE_FAMILY = "1,2";
				TEST_HOST = "$(BUILT_PRODUCTS_DIR)/webBrowser.app/$(BUNDLE_EXECUTABLE_FOLDER_PATH)/webBrowser";
			};
			name = Release;
		};
		6CA04549291D39A0002DFF8C /* Debug */ = {
			isa = XCBuildConfiguration;
			buildSettings = {
				ALWAYS_EMBED_SWIFT_STANDARD_LIBRARIES = YES;
				CODE_SIGN_STYLE = Automatic;
				CURRENT_PROJECT_VERSION = 1;
				DEVELOPMENT_TEAM = C2UVYFGAHN;
				GENERATE_INFOPLIST_FILE = YES;
				MARKETING_VERSION = 1.0;
				PRODUCT_BUNDLE_IDENTIFIER = "Junktion-Studios.webBrowserUITests";
				PRODUCT_NAME = "$(TARGET_NAME)";
				SWIFT_EMIT_LOC_STRINGS = NO;
				SWIFT_VERSION = 5.0;
				TARGETED_DEVICE_FAMILY = "1,2";
				TEST_TARGET_NAME = webBrowser;
			};
			name = Debug;
		};
		6CA0454A291D39A0002DFF8C /* Release */ = {
			isa = XCBuildConfiguration;
			buildSettings = {
				ALWAYS_EMBED_SWIFT_STANDARD_LIBRARIES = YES;
				CODE_SIGN_STYLE = Automatic;
				CURRENT_PROJECT_VERSION = 1;
				DEVELOPMENT_TEAM = C2UVYFGAHN;
				GENERATE_INFOPLIST_FILE = YES;
				MARKETING_VERSION = 1.0;
				PRODUCT_BUNDLE_IDENTIFIER = "Junktion-Studios.webBrowserUITests";
				PRODUCT_NAME = "$(TARGET_NAME)";
				SWIFT_EMIT_LOC_STRINGS = NO;
				SWIFT_VERSION = 5.0;
				TARGETED_DEVICE_FAMILY = "1,2";
				TEST_TARGET_NAME = webBrowser;
			};
			name = Release;
		};
/* End XCBuildConfiguration section */

/* Begin XCConfigurationList section */
		6CA04513291D399E002DFF8C /* Build configuration list for PBXProject "webBrowser" */ = {
			isa = XCConfigurationList;
			buildConfigurations = (
				6CA04540291D39A0002DFF8C /* Debug */,
				6CA04541291D39A0002DFF8C /* Release */,
			);
			defaultConfigurationIsVisible = 0;
			defaultConfigurationName = Release;
		};
		6CA04542291D39A0002DFF8C /* Build configuration list for PBXNativeTarget "webBrowser" */ = {
			isa = XCConfigurationList;
			buildConfigurations = (
				6CA04543291D39A0002DFF8C /* Debug */,
				6CA04544291D39A0002DFF8C /* Release */,
			);
			defaultConfigurationIsVisible = 0;
			defaultConfigurationName = Release;
		};
		6CA04545291D39A0002DFF8C /* Build configuration list for PBXNativeTarget "webBrowserTests" */ = {
			isa = XCConfigurationList;
			buildConfigurations = (
				6CA04546291D39A0002DFF8C /* Debug */,
				6CA04547291D39A0002DFF8C /* Release */,
			);
			defaultConfigurationIsVisible = 0;
			defaultConfigurationName = Release;
		};
		6CA04548291D39A0002DFF8C /* Build configuration list for PBXNativeTarget "webBrowserUITests" */ = {
			isa = XCConfigurationList;
			buildConfigurations = (
				6CA04549291D39A0002DFF8C /* Debug */,
				6CA0454A291D39A0002DFF8C /* Release */,
			);
			defaultConfigurationIsVisible = 0;
			defaultConfigurationName = Release;
		};
/* End XCConfigurationList section */

/* Begin XCRemoteSwiftPackageReference section */
		6CC3D85D2926879A000895D2 /* XCRemoteSwiftPackageReference "mapbox-maps-ios" */ = {
			isa = XCRemoteSwiftPackageReference;
			repositoryURL = "https://github.com/mapbox/mapbox-maps-ios.git";
			requirement = {
				branch = main;
				kind = branch;
			};
		};
/* End XCRemoteSwiftPackageReference section */
	};
	rootObject = 6CA04510291D399E002DFF8C /* Project object */;
}
